
Microsoft Visual Studio Solution File, Format Version 12.00
# Visual Studio Version 16
VisualStudioVersion = 16.0.31624.102
MinimumVisualStudioVersion = 10.0.40219.1
Project("{FAE04EC0-301F-11D3-BF4B-00C04F79EFBC}") = "HttpTrigger", "HttpTrigger.csproj", "{7B98DC10-63DC-4D6F-9299-ED48D6AAB004}"
EndProject
Global
	GlobalSection(SolutionConfigurationPlatforms) = preSolution
		Debug|Any CPU = Debug|Any CPU
		Release|Any CPU = Release|Any CPU
	EndGlobalSection
	GlobalSection(ProjectConfigurationPlatforms) = postSolution
		{7B98DC10-63DC-4D6F-9299-ED48D6AAB004}.Debug|Any CPU.ActiveCfg = Debug|Any CPU
		{7B98DC10-63DC-4D6F-9299-ED48D6AAB004}.Debug|Any CPU.Build.0 = Debug|Any CPU
		{7B98DC10-63DC-4D6F-9299-ED48D6AAB004}.Release|Any CPU.ActiveCfg = Release|Any CPU
		{7B98DC10-63DC-4D6F-9299-ED48D6AAB004}.Release|Any CPU.Build.0 = Release|Any CPU
	EndGlobalSection
	GlobalSection(SolutionProperties) = preSolution
		HideSolutionNode = FALSE
	EndGlobalSection
	GlobalSection(ExtensibilityGlobals) = postSolution
		SolutionGuid = {55C39B1E-F5AB-4F8E-832A-E4CF980F8F58}
	EndGlobalSection
EndGlobal
